
Microsoft Visual Studio Solution File, Format Version 12.00
# Visual Studio Version 17
VisualStudioVersion = 17.9.34728.123
MinimumVisualStudioVersion = 10.0.40219.1
Project("{FAE04EC0-301F-11D3-BF4B-00C04F79EFBC}") = "DAG_ConsoleApp1", "DAG_ConsoleApp1.csproj", "{3E88FC1F-F9B5-42EB-A176-D84DF74EE943}"
EndProject
Project("{FAE04EC0-301F-11D3-BF4B-00C04F79EFBC}") = "DAG_UniTesting", "..\DAG_UniTesting\DAG_UniTesting.csproj", "{CDC8B782-7EF6-4D36-A7FB-7CB4258258D0}"
EndProject
Global
	GlobalSection(SolutionConfigurationPlatforms) = preSolution
		Debug|Any CPU = Debug|Any CPU
		Release|Any CPU = Release|Any CPU
	EndGlobalSection
	GlobalSection(ProjectConfigurationPlatforms) = postSolution
		{3E88FC1F-F9B5-42EB-A176-D84DF74EE943}.Debug|Any CPU.ActiveCfg = Debug|Any CPU
		{3E88FC1F-F9B5-42EB-A176-D84DF74EE943}.Debug|Any CPU.Build.0 = Debug|Any CPU
		{3E88FC1F-F9B5-42EB-A176-D84DF74EE943}.Release|Any CPU.ActiveCfg = Release|Any CPU
		{3E88FC1F-F9B5-42EB-A176-D84DF74EE943}.Release|Any CPU.Build.0 = Release|Any CPU
		{CDC8B782-7EF6-4D36-A7FB-7CB4258258D0}.Debug|Any CPU.ActiveCfg = Debug|Any CPU
		{CDC8B782-7EF6-4D36-A7FB-7CB4258258D0}.Debug|Any CPU.Build.0 = Debug|Any CPU
		{CDC8B782-7EF6-4D36-A7FB-7CB4258258D0}.Release|Any CPU.ActiveCfg = Release|Any CPU
		{CDC8B782-7EF6-4D36-A7FB-7CB4258258D0}.Release|Any CPU.Build.0 = Release|Any CPU
	EndGlobalSection
	GlobalSection(SolutionProperties) = preSolution
		HideSolutionNode = FALSE
	EndGlobalSection
	GlobalSection(ExtensibilityGlobals) = postSolution
		SolutionGuid = {41551820-AEB1-4C2E-8AAD-E2FDC62F6D71}
	EndGlobalSection
EndGlobal
